
Microsoft Visual Studio Solution File, Format Version 12.00
# Visual Studio Version 17
VisualStudioVersion = 17.14.36414.22 d17.14
MinimumVisualStudioVersion = 10.0.40219.1
Project("{FAE04EC0-301F-11D3-BF4B-00C04F79EFBC}") = "Lab1_Class", "Lab1_Class\Lab1_Class.csproj", "{1F65958A-E52A-4D76-8D24-5F025E197FED}"
EndProject
Global
	GlobalSection(SolutionConfigurationPlatforms) = preSolution
		Debug|Any CPU = Debug|Any CPU
		Release|Any CPU = Release|Any CPU
	EndGlobalSection
	GlobalSection(ProjectConfigurationPlatforms) = postSolution
		{1F65958A-E52A-4D76-8D24-5F025E197FED}.Debug|Any CPU.ActiveCfg = Debug|Any CPU
		{1F65958A-E52A-4D76-8D24-5F025E197FED}.Debug|Any CPU.Build.0 = Debug|Any CPU
		{1F65958A-E52A-4D76-8D24-5F025E197FED}.Release|Any CPU.ActiveCfg = Release|Any CPU
		{1F65958A-E52A-4D76-8D24-5F025E197FED}.Release|Any CPU.Build.0 = Release|Any CPU
	EndGlobalSection
	GlobalSection(SolutionProperties) = preSolution
		HideSolutionNode = FALSE
	EndGlobalSection
	GlobalSection(ExtensibilityGlobals) = postSolution
		SolutionGuid = {D58879DF-74D2-4BE3-B0B2-FAB3126D7F81}
	EndGlobalSection
EndGlobal
